
Microsoft Visual Studio Solution File, Format Version 12.00
# Visual Studio 14
VisualStudioVersion = 14.0.25123.0
MinimumVisualStudioVersion = 10.0.40219.1
Project("{2150E333-8FDC-42A3-9474-1A3956D46DE8}") = "Solution Items", "Solution Items", "{9FBDF9C7-0C2B-4F9C-B063-604DF760A584}"
	ProjectSection(SolutionItems) = preProject
		service-fabric-unsecure-cluster-5-node-1-nodetype\azuredeploy.json = service-fabric-unsecure-cluster-5-node-1-nodetype\azuredeploy.json
		service-fabric-unsecure-cluster-5-node-1-nodetype\azuredeploy.parameters.json = service-fabric-unsecure-cluster-5-node-1-nodetype\azuredeploy.parameters.json
		service-fabric-unsecure-cluster-5-node-1-nodetype\DownloadTemplate.png = service-fabric-unsecure-cluster-5-node-1-nodetype\DownloadTemplate.png
		service-fabric-unsecure-cluster-5-node-1-nodetype\metadata.json = service-fabric-unsecure-cluster-5-node-1-nodetype\metadata.json
		service-fabric-unsecure-cluster-5-node-1-nodetype\README.md = service-fabric-unsecure-cluster-5-node-1-nodetype\README.md
	EndProjectSection
EndProject
Global
	GlobalSection(SolutionProperties) = preSolution
		HideSolutionNode = FALSE
	EndGlobalSection
EndGlobal
